// !$*UTF8*$!
{
	archiveVersion = 1;
	classes = {
	};
	objectVersion = 55;
	objects = {

/* Begin PBXBuildFile section */
		21B63DF727119C9800BB2779 /* FaceMatchApp.swift in Sources */ = {isa = PBXBuildFile; fileRef = 21B63DF627119C9800BB2779 /* FaceMatchApp.swift */; };
		21B63DF927119C9800BB2779 /* ContentView.swift in Sources */ = {isa = PBXBuildFile; fileRef = 21B63DF827119C9800BB2779 /* ContentView.swift */; };
		21B63DFB27119C9900BB2779 /* Assets.xcassets in Resources */ = {isa = PBXBuildFile; fileRef = 21B63DFA27119C9900BB2779 /* Assets.xcassets */; };
		21B63DFE27119C9900BB2779 /* Preview Assets.xcassets in Resources */ = {isa = PBXBuildFile; fileRef = 21B63DFD27119C9900BB2779 /* Preview Assets.xcassets */; };
		21B63E0827119C9A00BB2779 /* FaceMatchTests.swift in Sources */ = {isa = PBXBuildFile; fileRef = 21B63E0727119C9A00BB2779 /* FaceMatchTests.swift */; };
		21B63E1227119C9A00BB2779 /* FaceMatchUITests.swift in Sources */ = {isa = PBXBuildFile; fileRef = 21B63E1127119C9A00BB2779 /* FaceMatchUITests.swift */; };
		21B63E1427119C9A00BB2779 /* FaceMatchUITestsLaunchTests.swift in Sources */ = {isa = PBXBuildFile; fileRef = 21B63E1327119C9A00BB2779 /* FaceMatchUITestsLaunchTests.swift */; };
/* End PBXBuildFile section */

/* Begin PBXContainerItemProxy section */
		21B63E0427119C9A00BB2779 /* PBXContainerItemProxy */ = {
			isa = PBXContainerItemProxy;
			containerPortal = 21B63DEB27119C9800BB2779 /* Project object */;
			proxyType = 1;
			remoteGlobalIDString = 21B63DF227119C9800BB2779;
			remoteInfo = FaceMatch;
		};
		21B63E0E27119C9A00BB2779 /* PBXContainerItemProxy */ = {
			isa = PBXContainerItemProxy;
			containerPortal = 21B63DEB27119C9800BB2779 /* Project object */;
			proxyType = 1;
			remoteGlobalIDString = 21B63DF227119C9800BB2779;
			remoteInfo = FaceMatch;
		};
/* End PBXContainerItemProxy section */

/* Begin PBXFileReference section */
		21B63DF327119C9800BB2779 /* FaceMatch.app */ = {isa = PBXFileReference; explicitFileType = wrapper.application; includeInIndex = 0; path = FaceMatch.app; sourceTree = BUILT_PRODUCTS_DIR; };
		21B63DF627119C9800BB2779 /* FaceMatchApp.swift */ = {isa = PBXFileReference; lastKnownFileType = sourcecode.swift; path = FaceMatchApp.swift; sourceTree = "<group>"; };
		21B63DF827119C9800BB2779 /* ContentView.swift */ = {isa = PBXFileReference; lastKnownFileType = sourcecode.swift; path = ContentView.swift; sourceTree = "<group>"; };
		21B63DFA27119C9900BB2779 /* Assets.xcassets */ = {isa = PBXFileReference; lastKnownFileType = folder.assetcatalog; path = Assets.xcassets; sourceTree = "<group>"; };
		21B63DFD27119C9900BB2779 /* Preview Assets.xcassets */ = {isa = PBXFileReference; lastKnownFileType = folder.assetcatalog; path = "Preview Assets.xcassets"; sourceTree = "<group>"; };
		21B63E0327119C9A00BB2779 /* FaceMatchTests.xctest */ = {isa = PBXFileReference; explicitFileType = wrapper.cfbundle; includeInIndex = 0; path = FaceMatchTests.xctest; sourceTree = BUILT_PRODUCTS_DIR; };
		21B63E0727119C9A00BB2779 /* FaceMatchTests.swift */ = {isa = PBXFileReference; lastKnownFileType = sourcecode.swift; path = FaceMatchTests.swift; sourceTree = "<group>"; };
		21B63E0D27119C9A00BB2779 /* FaceMatchUITests.xctest */ = {isa = PBXFileReference; explicitFileType = wrapper.cfbundle; includeInIndex = 0; path = FaceMatchUITests.xctest; sourceTree = BUILT_PRODUCTS_DIR; };
		21B63E1127119C9A00BB2779 /* FaceMatchUITests.swift */ = {isa = PBXFileReference; lastKnownFileType = sourcecode.swift; path = FaceMatchUITests.swift; sourceTree = "<group>"; };
		21B63E1327119C9A00BB2779 /* FaceMatchUITestsLaunchTests.swift */ = {isa = PBXFileReference; lastKnownFileType = sourcecode.swift; path = FaceMatchUITestsLaunchTests.swift; sourceTree = "<group>"; };
/* End PBXFileReference section */

/* Begin PBXFrameworksBuildPhase section */
		21B63DF027119C9800BB2779 /* Frameworks */ = {
			isa = PBXFrameworksBuildPhase;
			buildActionMask = 2147483647;
			files = (
			);
			runOnlyForDeploymentPostprocessing = 0;
		};
		21B63E0027119C9A00BB2779 /* Frameworks */ = {
			isa = PBXFrameworksBuildPhase;
			buildActionMask = 2147483647;
			files = (
			);
			runOnlyForDeploymentPostprocessing = 0;
		};
		21B63E0A27119C9A00BB2779 /* Frameworks */ = {
			isa = PBXFrameworksBuildPhase;
			buildActionMask = 2147483647;
			files = (
			);
			runOnlyForDeploymentPostprocessing = 0;
		};
/* End PBXFrameworksBuildPhase section */

/* Begin PBXGroup section */
		21B63DEA27119C9800BB2779 = {
			isa = PBXGroup;
			children = (
				21B63DF527119C9800BB2779 /* FaceMatch */,
				21B63E0627119C9A00BB2779 /* FaceMatchTests */,
				21B63E1027119C9A00BB2779 /* FaceMatchUITests */,
				21B63DF427119C9800BB2779 /* Products */,
			);
			sourceTree = "<group>";
		};
		21B63DF427119C9800BB2779 /* Products */ = {
			isa = PBXGroup;
			children = (
				21B63DF327119C9800BB2779 /* FaceMatch.app */,
				21B63E0327119C9A00BB2779 /* FaceMatchTests.xctest */,
				21B63E0D27119C9A00BB2779 /* FaceMatchUITests.xctest */,
			);
			name = Products;
			sourceTree = "<group>";
		};
		21B63DF527119C9800BB2779 /* FaceMatch */ = {
			isa = PBXGroup;
			children = (
				21B63DF627119C9800BB2779 /* FaceMatchApp.swift */,
				21B63DF827119C9800BB2779 /* ContentView.swift */,
				21B63DFA27119C9900BB2779 /* Assets.xcassets */,
				21B63DFC27119C9900BB2779 /* Preview Content */,
			);
			path = FaceMatch;
			sourceTree = "<group>";
		};
		21B63DFC27119C9900BB2779 /* Preview Content */ = {
			isa = PBXGroup;
			children = (
				21B63DFD27119C9900BB2779 /* Preview Assets.xcassets */,
			);
			path = "Preview Content";
			sourceTree = "<group>";
		};
		21B63E0627119C9A00BB2779 /* FaceMatchTests */ = {
			isa = PBXGroup;
			children = (
				21B63E0727119C9A00BB2779 /* FaceMatchTests.swift */,
			);
			path = FaceMatchTests;
			sourceTree = "<group>";
		};
		21B63E1027119C9A00BB2779 /* FaceMatchUITests */ = {
			isa = PBXGroup;
			children = (
				21B63E1127119C9A00BB2779 /* FaceMatchUITests.swift */,
				21B63E1327119C9A00BB2779 /* FaceMatchUITestsLaunchTests.swift */,
			);
			path = FaceMatchUITests;
			sourceTree = "<group>";
		};
/* End PBXGroup section */

/* Begin PBXNativeTarget section */
		21B63DF227119C9800BB2779 /* FaceMatch */ = {
			isa = PBXNativeTarget;
			buildConfigurationList = 21B63E1727119C9A00BB2779 /* Build configuration list for PBXNativeTarget "FaceMatch" */;
			buildPhases = (
				21B63DEF27119C9800BB2779 /* Sources */,
				21B63DF027119C9800BB2779 /* Frameworks */,
				21B63DF127119C9800BB2779 /* Resources */,
			);
			buildRules = (
			);
			dependencies = (
			);
			name = FaceMatch;
			productName = FaceMatch;
			productReference = 21B63DF327119C9800BB2779 /* FaceMatch.app */;
			productType = "com.apple.product-type.application";
		};
		21B63E0227119C9A00BB2779 /* FaceMatchTests */ = {
			isa = PBXNativeTarget;
			buildConfigurationList = 21B63E1A27119C9A00BB2779 /* Build configuration list for PBXNativeTarget "FaceMatchTests" */;
			buildPhases = (
				21B63DFF27119C9A00BB2779 /* Sources */,
				21B63E0027119C9A00BB2779 /* Frameworks */,
				21B63E0127119C9A00BB2779 /* Resources */,
			);
			buildRules = (
			);
			dependencies = (
				21B63E0527119C9A00BB2779 /* PBXTargetDependency */,
			);
			name = FaceMatchTests;
			productName = FaceMatchTests;
			productReference = 21B63E0327119C9A00BB2779 /* FaceMatchTests.xctest */;
			productType = "com.apple.product-type.bundle.unit-test";
		};
		21B63E0C27119C9A00BB2779 /* FaceMatchUITests */ = {
			isa = PBXNativeTarget;
			buildConfigurationList = 21B63E1D27119C9A00BB2779 /* Build configuration list for PBXNativeTarget "FaceMatchUITests" */;
			buildPhases = (
				21B63E0927119C9A00BB2779 /* Sources */,
				21B63E0A27119C9A00BB2779 /* Frameworks */,
				21B63E0B27119C9A00BB2779 /* Resources */,
			);
			buildRules = (
			);
			dependencies = (
				21B63E0F27119C9A00BB2779 /* PBXTargetDependency */,
			);
			name = FaceMatchUITests;
			productName = FaceMatchUITests;
			productReference = 21B63E0D27119C9A00BB2779 /* FaceMatchUITests.xctest */;
			productType = "com.apple.product-type.bundle.ui-testing";
		};
/* End PBXNativeTarget section */

/* Begin PBXProject section */
		21B63DEB27119C9800BB2779 /* Project object */ = {
			isa = PBXProject;
			attributes = {
				BuildIndependentTargetsInParallel = 1;
				LastSwiftUpdateCheck = 1300;
				LastUpgradeCheck = 1300;
				TargetAttributes = {
					21B63DF227119C9800BB2779 = {
						CreatedOnToolsVersion = 13.0;
					};
					21B63E0227119C9A00BB2779 = {
						CreatedOnToolsVersion = 13.0;
						TestTargetID = 21B63DF227119C9800BB2779;
					};
					21B63E0C27119C9A00BB2779 = {
						CreatedOnToolsVersion = 13.0;
						TestTargetID = 21B63DF227119C9800BB2779;
					};
				};
			};
			buildConfigurationList = 21B63DEE27119C9800BB2779 /* Build configuration list for PBXProject "FaceMatch" */;
			compatibilityVersion = "Xcode 13.0";
			developmentRegion = en;
			hasScannedForEncodings = 0;
			knownRegions = (
				en,
				Base,
			);
			mainGroup = 21B63DEA27119C9800BB2779;
			productRefGroup = 21B63DF427119C9800BB2779 /* Products */;
			projectDirPath = "";
			projectRoot = "";
			targets = (
				21B63DF227119C9800BB2779 /* FaceMatch */,
				21B63E0227119C9A00BB2779 /* FaceMatchTests */,
				21B63E0C27119C9A00BB2779 /* FaceMatchUITests */,
			);
		};
/* End PBXProject section */

/* Begin PBXResourcesBuildPhase section */
		21B63DF127119C9800BB2779 /* Resources */ = {
			isa = PBXResourcesBuildPhase;
			buildActionMask = 2147483647;
			files = (
				21B63DFE27119C9900BB2779 /* Preview Assets.xcassets in Resources */,
				21B63DFB27119C9900BB2779 /* Assets.xcassets in Resources */,
			);
			runOnlyForDeploymentPostprocessing = 0;
		};
		21B63E0127119C9A00BB2779 /* Resources */ = {
			isa = PBXResourcesBuildPhase;
			buildActionMask = 2147483647;
			files = (
			);
			runOnlyForDeploymentPostprocessing = 0;
		};
		21B63E0B27119C9A00BB2779 /* Resources */ = {
			isa = PBXResourcesBuildPhase;
			buildActionMask = 2147483647;
			files = (
			);
			runOnlyForDeploymentPostprocessing = 0;
		};
/* End PBXResourcesBuildPhase section */

/* Begin PBXSourcesBuildPhase section */
		21B63DEF27119C9800BB2779 /* Sources */ = {
			isa = PBXSourcesBuildPhase;
			buildActionMask = 2147483647;
			files = (
				21B63DF927119C9800BB2779 /* ContentView.swift in Sources */,
				21B63DF727119C9800BB2779 /* FaceMatchApp.swift in Sources */,
			);
			runOnlyForDeploymentPostprocessing = 0;
		};
		21B63DFF27119C9A00BB2779 /* Sources */ = {
			isa = PBXSourcesBuildPhase;
			buildActionMask = 2147483647;
			files = (
				21B63E0827119C9A00BB2779 /* FaceMatchTests.swift in Sources */,
			);
			runOnlyForDeploymentPostprocessing = 0;
		};
		21B63E0927119C9A00BB2779 /* Sources */ = {
			isa = PBXSourcesBuildPhase;
			buildActionMask = 2147483647;
			files = (
				21B63E1227119C9A00BB2779 /* FaceMatchUITests.swift in Sources */,
				21B63E1427119C9A00BB2779 /* FaceMatchUITestsLaunchTests.swift in Sources */,
			);
			runOnlyForDeploymentPostprocessing = 0;
		};
/* End PBXSourcesBuildPhase section */

/* Begin PBXTargetDependency section */
		21B63E0527119C9A00BB2779 /* PBXTargetDependency */ = {
			isa = PBXTargetDependency;
			target = 21B63DF227119C9800BB2779 /* FaceMatch */;
			targetProxy = 21B63E0427119C9A00BB2779 /* PBXContainerItemProxy */;
		};
		21B63E0F27119C9A00BB2779 /* PBXTargetDependency */ = {
			isa = PBXTargetDependency;
			target = 21B63DF227119C9800BB2779 /* FaceMatch */;
			targetProxy = 21B63E0E27119C9A00BB2779 /* PBXContainerItemProxy */;
		};
/* End PBXTargetDependency section */

/* Begin XCBuildConfiguration section */
		21B63E1527119C9A00BB2779 /* Debug */ = {
			isa = XCBuildConfiguration;
			buildSettings = {
				ALWAYS_SEARCH_USER_PATHS = NO;
				CLANG_ANALYZER_NONNULL = YES;
				CLANG_ANALYZER_NUMBER_OBJECT_CONVERSION = YES_AGGRESSIVE;
				CLANG_CXX_LANGUAGE_STANDARD = "gnu++17";
				CLANG_CXX_LIBRARY = "libc++";
				CLANG_ENABLE_MODULES = YES;
				CLANG_ENABLE_OBJC_ARC = YES;
				CLANG_ENABLE_OBJC_WEAK = YES;
				CLANG_WARN_BLOCK_CAPTURE_AUTORELEASING = YES;
				CLANG_WARN_BOOL_CONVERSION = YES;
				CLANG_WARN_COMMA = YES;
				CLANG_WARN_CONSTANT_CONVERSION = YES;
				CLANG_WARN_DEPRECATED_OBJC_IMPLEMENTATIONS = YES;
				CLANG_WARN_DIRECT_OBJC_ISA_USAGE = YES_ERROR;
				CLANG_WARN_DOCUMENTATION_COMMENTS = YES;
				CLANG_WARN_EMPTY_BODY = YES;
				CLANG_WARN_ENUM_CONVERSION = YES;
				CLANG_WARN_INFINITE_RECURSION = YES;
				CLANG_WARN_INT_CONVERSION = YES;
				CLANG_WARN_NON_LITERAL_NULL_CONVERSION = YES;
				CLANG_WARN_OBJC_IMPLICIT_RETAIN_SELF = YES;
				CLANG_WARN_OBJC_LITERAL_CONVERSION = YES;
				CLANG_WARN_OBJC_ROOT_CLASS = YES_ERROR;
				CLANG_WARN_QUOTED_INCLUDE_IN_FRAMEWORK_HEADER = YES;
				CLANG_WARN_RANGE_LOOP_ANALYSIS = YES;
				CLANG_WARN_STRICT_PROTOTYPES = YES;
				CLANG_WARN_SUSPICIOUS_MOVE = YES;
				CLANG_WARN_UNGUARDED_AVAILABILITY = YES_AGGRESSIVE;
				CLANG_WARN_UNREACHABLE_CODE = YES;
				CLANG_WARN__DUPLICATE_METHOD_MATCH = YES;
				COPY_PHASE_STRIP = NO;
				DEBUG_INFORMATION_FORMAT = dwarf;
				ENABLE_STRICT_OBJC_MSGSEND = YES;
				ENABLE_TESTABILITY = YES;
				GCC_C_LANGUAGE_STANDARD = gnu11;
				GCC_DYNAMIC_NO_PIC = NO;
				GCC_NO_COMMON_BLOCKS = YES;
				GCC_OPTIMIZATION_LEVEL = 0;
				GCC_PREPROCESSOR_DEFINITIONS = (
					"DEBUG=1",
					"$(inherited)",
				);
				GCC_WARN_64_TO_32_BIT_CONVERSION = YES;
				GCC_WARN_ABOUT_RETURN_TYPE = YES_ERROR;
				GCC_WARN_UNDECLARED_SELECTOR = YES;
				GCC_WARN_UNINITIALIZED_AUTOS = YES_AGGRESSIVE;
				GCC_WARN_UNUSED_FUNCTION = YES;
				GCC_WARN_UNUSED_VARIABLE = YES;
				IPHONEOS_DEPLOYMENT_TARGET = 15.0;
				MTL_ENABLE_DEBUG_INFO = INCLUDE_SOURCE;
				MTL_FAST_MATH = YES;
				ONLY_ACTIVE_ARCH = YES;
				SDKROOT = iphoneos;
				SWIFT_ACTIVE_COMPILATION_CONDITIONS = DEBUG;
				SWIFT_OPTIMIZATION_LEVEL = "-Onone";
			};
			name = Debug;
		};
		21B63E1627119C9A00BB2779 /* Release */ = {
			isa = XCBuildConfiguration;
			buildSettings = {
				ALWAYS_SEARCH_USER_PATHS = NO;
				CLANG_ANALYZER_NONNULL = YES;
				CLANG_ANALYZER_NUMBER_OBJECT_CONVERSION = YES_AGGRESSIVE;
				CLANG_CXX_LANGUAGE_STANDARD = "gnu++17";
				CLANG_CXX_LIBRARY = "libc++";
				CLANG_ENABLE_MODULES = YES;
				CLANG_ENABLE_OBJC_ARC = YES;
				CLANG_ENABLE_OBJC_WEAK = YES;
				CLANG_WARN_BLOCK_CAPTURE_AUTORELEASING = YES;
				CLANG_WARN_BOOL_CONVERSION = YES;
				CLANG_WARN_COMMA = YES;
				CLANG_WARN_CONSTANT_CONVERSION = YES;
				CLANG_WARN_DEPRECATED_OBJC_IMPLEMENTATIONS = YES;
				CLANG_WARN_DIRECT_OBJC_ISA_USAGE = YES_ERROR;
				CLANG_WARN_DOCUMENTATION_COMMENTS = YES;
				CLANG_WARN_EMPTY_BODY = YES;
				CLANG_WARN_ENUM_CONVERSION = YES;
				CLANG_WARN_INFINITE_RECURSION = YES;
				CLANG_WARN_INT_CONVERSION = YES;
				CLANG_WARN_NON_LITERAL_NULL_CONVERSION = YES;
				CLANG_WARN_OBJC_IMPLICIT_RETAIN_SELF = YES;
				CLANG_WARN_OBJC_LITERAL_CONVERSION = YES;
				CLANG_WARN_OBJC_ROOT_CLASS = YES_ERROR;
				CLANG_WARN_QUOTED_INCLUDE_IN_FRAMEWORK_HEADER = YES;
				CLANG_WARN_RANGE_LOOP_ANALYSIS = YES;
				CLANG_WARN_STRICT_PROTOTYPES = YES;
				CLANG_WARN_SUSPICIOUS_MOVE = YES;
				CLANG_WARN_UNGUARDED_AVAILABILITY = YES_AGGRESSIVE;
				CLANG_WARN_UNREACHABLE_CODE = YES;
				CLANG_WARN__DUPLICATE_METHOD_MATCH = YES;
				COPY_PHASE_STRIP = NO;
				DEBUG_INFORMATION_FORMAT = "dwarf-with-dsym";
				ENABLE_NS_ASSERTIONS = NO;
				ENABLE_STRICT_OBJC_MSGSEND = YES;
				GCC_C_LANGUAGE_STANDARD = gnu11;
				GCC_NO_COMMON_BLOCKS = YES;
				GCC_WARN_64_TO_32_BIT_CONVERSION = YES;
				GCC_WARN_ABOUT_RETURN_TYPE = YES_ERROR;
				GCC_WARN_UNDECLARED_SELECTOR = YES;
				GCC_WARN_UNINITIALIZED_AUTOS = YES_AGGRESSIVE;
				GCC_WARN_UNUSED_FUNCTION = YES;
				GCC_WARN_UNUSED_VARIABLE = YES;
				IPHONEOS_DEPLOYMENT_TARGET = 15.0;
				MTL_ENABLE_DEBUG_INFO = NO;
				MTL_FAST_MATH = YES;
				SDKROOT = iphoneos;
				SWIFT_COMPILATION_MODE = wholemodule;
				SWIFT_OPTIMIZATION_LEVEL = "-O";
				VALIDATE_PRODUCT = YES;
			};
			name = Release;
		};
		21B63E1827119C9A00BB2779 /* Debug */ = {
			isa = XCBuildConfiguration;
			buildSettings = {
				ASSETCATALOG_COMPILER_APPICON_NAME = AppIcon;
				ASSETCATALOG_COMPILER_GLOBAL_ACCENT_COLOR_NAME = AccentColor;
				CODE_SIGN_STYLE = Automatic;
				CURRENT_PROJECT_VERSION = 1;
				DEVELOPMENT_ASSET_PATHS = "\"FaceMatch/Preview Content\"";
				DEVELOPMENT_TEAM = 44P2L32FL4;
				ENABLE_PREVIEWS = YES;
				GENERATE_INFOPLIST_FILE = YES;
				INFOPLIST_KEY_UIApplicationSceneManifest_Generation = YES;
				INFOPLIST_KEY_UIApplicationSupportsIndirectInputEvents = YES;
				INFOPLIST_KEY_UILaunchScreen_Generation = YES;
				INFOPLIST_KEY_UISupportedInterfaceOrientations_iPad = "UIInterfaceOrientationPortrait UIInterfaceOrientationPortraitUpsideDown UIInterfaceOrientationLandscapeLeft UIInterfaceOrientationLandscapeRight";
				INFOPLIST_KEY_UISupportedInterfaceOrientations_iPhone = "UIInterfaceOrientationPortrait UIInterfaceOrientationLandscapeLeft UIInterfaceOrientationLandscapeRight";
				IPHONEOS_DEPLOYMENT_TARGET = 14.0;
				LD_RUNPATH_SEARCH_PATHS = (
					"$(inherited)",
					"@executable_path/Frameworks",
				);
				MARKETING_VERSION = 1.0;
				PRODUCT_BUNDLE_IDENTIFIER = com.sy.FaceMatch;
				PRODUCT_NAME = "$(TARGET_NAME)";
				SWIFT_EMIT_LOC_STRINGS = YES;
				SWIFT_VERSION = 5.0;
				TARGETED_DEVICE_FAMILY = "1,2";
			};
			name = Debug;
		};
		21B63E1927119C9A00BB2779 /* Release */ = {
			isa = XCBuildConfiguration;
			buildSettings = {
				ASSETCATALOG_COMPILER_APPICON_NAME = AppIcon;
				ASSETCATALOG_COMPILER_GLOBAL_ACCENT_COLOR_NAME = AccentColor;
				CODE_SIGN_STYLE = Automatic;
				CURRENT_PROJECT_VERSION = 1;
				DEVELOPMENT_ASSET_PATHS = "\"FaceMatch/Preview Content\"";
				DEVELOPMENT_TEAM = 44P2L32FL4;
				ENABLE_PREVIEWS = YES;
				GENERATE_INFOPLIST_FILE = YES;
				INFOPLIST_KEY_UIApplicationSceneManifest_Generation = YES;
				INFOPLIST_KEY_UIApplicationSupportsIndirectInputEvents = YES;
				INFOPLIST_KEY_UILaunchScreen_Generation = YES;
				INFOPLIST_KEY_UISupportedInterfaceOrientations_iPad = "UIInterfaceOrientationPortrait UIInterfaceOrientationPortraitUpsideDown UIInterfaceOrientationLandscapeLeft UIInterfaceOrientationLandscapeRight";
				INFOPLIST_KEY_UISupportedInterfaceOrientations_iPhone = "UIInterfaceOrientationPortrait UIInterfaceOrientationLandscapeLeft UIInterfaceOrientationLandscapeRight";
				IPHONEOS_DEPLOYMENT_TARGET = 14.0;
				LD_RUNPATH_SEARCH_PATHS = (
					"$(inherited)",
					"@executable_path/Frameworks",
				);
				MARKETING_VERSION = 1.0;
				PRODUCT_BUNDLE_IDENTIFIER = com.sy.FaceMatch;
				PRODUCT_NAME = "$(TARGET_NAME)";
				SWIFT_EMIT_LOC_STRINGS = YES;
				SWIFT_VERSION = 5.0;
				TARGETED_DEVICE_FAMILY = "1,2";
			};
			name = Release;
		};
		21B63E1B27119C9A00BB2779 /* Debug */ = {
			isa = XCBuildConfiguration;
			buildSettings = {
				ALWAYS_EMBED_SWIFT_STANDARD_LIBRARIES = YES;
				BUNDLE_LOADER = "$(TEST_HOST)";
				CODE_SIGN_STYLE = Automatic;
				CURRENT_PROJECT_VERSION = 1;
				DEVELOPMENT_TEAM = 44P2L32FL4;
				GENERATE_INFOPLIST_FILE = YES;
				IPHONEOS_DEPLOYMENT_TARGET = 14.0;
				LD_RUNPATH_SEARCH_PATHS = (
					"$(inherited)",
					"@executable_path/Frameworks",
					"@loader_path/Frameworks",
				);
				MARKETING_VERSION = 1.0;
				PRODUCT_BUNDLE_IDENTIFIER = com.sy.FaceMatchTests;
				PRODUCT_NAME = "$(TARGET_NAME)";
				SWIFT_EMIT_LOC_STRINGS = NO;
				SWIFT_VERSION = 5.0;
				TARGETED_DEVICE_FAMILY = "1,2";
				TEST_HOST = "$(BUILT_PRODUCTS_DIR)/FaceMatch.app/FaceMatch";
			};
			name = Debug;
		};
		21B63E1C27119C9A00BB2779 /* Release */ = {
			isa = XCBuildConfiguration;
			buildSettings = {
				ALWAYS_EMBED_SWIFT_STANDARD_LIBRARIES = YES;
				BUNDLE_LOADER = "$(TEST_HOST)";
				CODE_SIGN_STYLE = Automatic;
				CURRENT_PROJECT_VERSION = 1;
				DEVELOPMENT_TEAM = 44P2L32FL4;
				GENERATE_INFOPLIST_FILE = YES;
				IPHONEOS_DEPLOYMENT_TARGET = 14.0;
				LD_RUNPATH_SEARCH_PATHS = (
					"$(inherited)",
					"@executable_path/Frameworks",
					"@loader_path/Frameworks",
				);
				MARKETING_VERSION = 1.0;
				PRODUCT_BUNDLE_IDENTIFIER = com.sy.FaceMatchTests;
				PRODUCT_NAME = "$(TARGET_NAME)";
				SWIFT_EMIT_LOC_STRINGS = NO;
				SWIFT_VERSION = 5.0;
				TARGETED_DEVICE_FAMILY = "1,2";
				TEST_HOST = "$(BUILT_PRODUCTS_DIR)/FaceMatch.app/FaceMatch";
			};
			name = Release;
		};
		21B63E1E27119C9A00BB2779 /* Debug */ = {
			isa = XCBuildConfiguration;
			buildSettings = {
				ALWAYS_EMBED_SWIFT_STANDARD_LIBRARIES = YES;
				CODE_SIGN_STYLE = Automatic;
				CURRENT_PROJECT_VERSION = 1;
				DEVELOPMENT_TEAM = 44P2L32FL4;
				GENERATE_INFOPLIST_FILE = YES;
				LD_RUNPATH_SEARCH_PATHS = (
					"$(inherited)",
					"@executable_path/Frameworks",
					"@loader_path/Frameworks",
				);
				MARKETING_VERSION = 1.0;
				PRODUCT_BUNDLE_IDENTIFIER = com.sy.FaceMatchUITests;
				PRODUCT_NAME = "$(TARGET_NAME)";
				SWIFT_EMIT_LOC_STRINGS = NO;
				SWIFT_VERSION = 5.0;
				TARGETED_DEVICE_FAMILY = "1,2";
				TEST_TARGET_NAME = FaceMatch;
			};
			name = Debug;
		};
		21B63E1F27119C9A00BB2779 /* Release */ = {
			isa = XCBuildConfiguration;
			buildSettings = {
				ALWAYS_EMBED_SWIFT_STANDARD_LIBRARIES = YES;
				CODE_SIGN_STYLE = Automatic;
				CURRENT_PROJECT_VERSION = 1;
				DEVELOPMENT_TEAM = 44P2L32FL4;
				GENERATE_INFOPLIST_FILE = YES;
				LD_RUNPATH_SEARCH_PATHS = (
					"$(inherited)",
					"@executable_path/Frameworks",
					"@loader_path/Frameworks",
				);
				MARKETING_VERSION = 1.0;
				PRODUCT_BUNDLE_IDENTIFIER = com.sy.FaceMatchUITests;
				PRODUCT_NAME = "$(TARGET_NAME)";
				SWIFT_EMIT_LOC_STRINGS = NO;
				SWIFT_VERSION = 5.0;
				TARGETED_DEVICE_FAMILY = "1,2";
				TEST_TARGET_NAME = FaceMatch;
			};
			name = Release;
		};
/* End XCBuildConfiguration section */

/* Begin XCConfigurationList section */
		21B63DEE27119C9800BB2779 /* Build configuration list for PBXProject "FaceMatch" */ = {
			isa = XCConfigurationList;
			buildConfigurations = (
				21B63E1527119C9A00BB2779 /* Debug */,
				21B63E1627119C9A00BB2779 /* Release */,
			);
			defaultConfigurationIsVisible = 0;
			defaultConfigurationName = Release;
		};
		21B63E1727119C9A00BB2779 /* Build configuration list for PBXNativeTarget "FaceMatch" */ = {
			isa = XCConfigurationList;
			buildConfigurations = (
				21B63E1827119C9A00BB2779 /* Debug */,
				21B63E1927119C9A00BB2779 /* Release */,
			);
			defaultConfigurationIsVisible = 0;
			defaultConfigurationName = Release;
		};
		21B63E1A27119C9A00BB2779 /* Build configuration list for PBXNativeTarget "FaceMatchTests" */ = {
			isa = XCConfigurationList;
			buildConfigurations = (
				21B63E1B27119C9A00BB2779 /* Debug */,
				21B63E1C27119C9A00BB2779 /* Release */,
			);
			defaultConfigurationIsVisible = 0;
			defaultConfigurationName = Release;
		};
		21B63E1D27119C9A00BB2779 /* Build configuration list for PBXNativeTarget "FaceMatchUITests" */ = {
			isa = XCConfigurationList;
			buildConfigurations = (
				21B63E1E27119C9A00BB2779 /* Debug */,
				21B63E1F27119C9A00BB2779 /* Release */,
			);
			defaultConfigurationIsVisible = 0;
			defaultConfigurationName = Release;
		};
/* End XCConfigurationList section */
	};
	rootObject = 21B63DEB27119C9800BB2779 /* Project object */;
}
